
Microsoft Visual Studio Solution File, Format Version 12.00
Project("{FAE04EC0-301F-11D3-BF4B-00C04F79EFBC}") = "CuberiteClr.Runtime", "CuberiteClr.Runtime\CuberiteClr.Runtime.csproj", "{BBC46645-77A5-462F-A0CD-008D1CD72F8A}"
EndProject
Project("{FAE04EC0-301F-11D3-BF4B-00C04F79EFBC}") = "CuberiteClr.Sdk", "CuberiteClr.Sdk\CuberiteClr.Sdk.csproj", "{0205A644-EF46-4286-8D4B-03E1A654841B}"
EndProject
Project("{FAE04EC0-301F-11D3-BF4B-00C04F79EFBC}") = "TestPlugin", "TestPlugin\TestPlugin.csproj", "{410CE9ED-24B1-4959-9CF8-CF46CDC12F02}"
EndProject
Global
	GlobalSection(SolutionConfigurationPlatforms) = preSolution
		Debug|Any CPU = Debug|Any CPU
		Release|Any CPU = Release|Any CPU
	EndGlobalSection
	GlobalSection(ProjectConfigurationPlatforms) = postSolution
		{BBC46645-77A5-462F-A0CD-008D1CD72F8A}.Debug|Any CPU.ActiveCfg = Debug|Any CPU
		{BBC46645-77A5-462F-A0CD-008D1CD72F8A}.Debug|Any CPU.Build.0 = Debug|Any CPU
		{BBC46645-77A5-462F-A0CD-008D1CD72F8A}.Release|Any CPU.ActiveCfg = Release|Any CPU
		{BBC46645-77A5-462F-A0CD-008D1CD72F8A}.Release|Any CPU.Build.0 = Release|Any CPU
		{0205A644-EF46-4286-8D4B-03E1A654841B}.Debug|Any CPU.ActiveCfg = Debug|Any CPU
		{0205A644-EF46-4286-8D4B-03E1A654841B}.Debug|Any CPU.Build.0 = Debug|Any CPU
		{0205A644-EF46-4286-8D4B-03E1A654841B}.Release|Any CPU.ActiveCfg = Release|Any CPU
		{0205A644-EF46-4286-8D4B-03E1A654841B}.Release|Any CPU.Build.0 = Release|Any CPU
		{410CE9ED-24B1-4959-9CF8-CF46CDC12F02}.Debug|Any CPU.ActiveCfg = Debug|Any CPU
		{410CE9ED-24B1-4959-9CF8-CF46CDC12F02}.Debug|Any CPU.Build.0 = Debug|Any CPU
		{410CE9ED-24B1-4959-9CF8-CF46CDC12F02}.Release|Any CPU.ActiveCfg = Release|Any CPU
		{410CE9ED-24B1-4959-9CF8-CF46CDC12F02}.Release|Any CPU.Build.0 = Release|Any CPU
	EndGlobalSection
EndGlobal
